Microsoft Visual Studio Solution File, Format Version 12.00
# Visual Studio 2012
Project("{FAE04EC0-301F-11D3-BF4B-00C04F79EFBC}") = "isdf_godot_first", "isdf_godot_first.csproj", "{311EFFF7-FB80-4AE1-88EE-1552457658B1}"
EndProject
Global
	GlobalSection(SolutionConfigurationPlatforms) = preSolution
	Debug|Any CPU = Debug|Any CPU
	ExportDebug|Any CPU = ExportDebug|Any CPU
	ExportRelease|Any CPU = ExportRelease|Any CPU
	EndGlobalSection
	GlobalSection(ProjectConfigurationPlatforms) = postSolution
		{311EFFF7-FB80-4AE1-88EE-1552457658B1}.Debug|Any CPU.ActiveCfg = Debug|Any CPU
		{311EFFF7-FB80-4AE1-88EE-1552457658B1}.Debug|Any CPU.Build.0 = Debug|Any CPU
		{311EFFF7-FB80-4AE1-88EE-1552457658B1}.ExportDebug|Any CPU.ActiveCfg = ExportDebug|Any CPU
		{311EFFF7-FB80-4AE1-88EE-1552457658B1}.ExportDebug|Any CPU.Build.0 = ExportDebug|Any CPU
		{311EFFF7-FB80-4AE1-88EE-1552457658B1}.ExportRelease|Any CPU.ActiveCfg = ExportRelease|Any CPU
		{311EFFF7-FB80-4AE1-88EE-1552457658B1}.ExportRelease|Any CPU.Build.0 = ExportRelease|Any CPU
	EndGlobalSection
EndGlobal
